// !$*UTF8*$!
{
	archiveVersion = 1;
	classes = {
	};
	objectVersion = 50;
	objects = {

/* Begin PBXBuildFile section */
		84414688262981E3004AF733 /* AnimalDetailView.swift in Sources */ = {isa = PBXBuildFile; fileRef = 84414687262981E3004AF733 /* AnimalDetailView.swift */; };
		8441468B2629860F004AF733 /* HeadingView.swift in Sources */ = {isa = PBXBuildFile; fileRef = 8441468A2629860F004AF733 /* HeadingView.swift */; };
		8441468E26298839004AF733 /* InsetGalleryView.swift in Sources */ = {isa = PBXBuildFile; fileRef = 8441468D26298839004AF733 /* InsetGalleryView.swift */; };
		8459F2BF2629D908003CBC55 /* InsetMapView .swift in Sources */ = {isa = PBXBuildFile; fileRef = 8459F2BE2629D908003CBC55 /* InsetMapView .swift */; };
		8459F2C32629E807003CBC55 /* ExternalWebLinkView.swift in Sources */ = {isa = PBXBuildFile; fileRef = 8459F2C22629E806003CBC55 /* ExternalWebLinkView.swift */; };
		848EDDFE262758BB00143122 /* AfricaApp.swift in Sources */ = {isa = PBXBuildFile; fileRef = 848EDDFD262758BB00143122 /* AfricaApp.swift */; };
		848EDE00262758BB00143122 /* ContentView.swift in Sources */ = {isa = PBXBuildFile; fileRef = 848EDDFF262758BB00143122 /* ContentView.swift */; };
		848EDE02262758BD00143122 /* Assets.xcassets in Resources */ = {isa = PBXBuildFile; fileRef = 848EDE01262758BD00143122 /* Assets.xcassets */; };
		848EDE05262758BD00143122 /* Preview Assets.xcassets in Resources */ = {isa = PBXBuildFile; fileRef = 848EDE04262758BD00143122 /* Preview Assets.xcassets */; };
		849B69842628623C00B43B38 /* CoverImageView.swift in Sources */ = {isa = PBXBuildFile; fileRef = 849B69832628623C00B43B38 /* CoverImageView.swift */; };
		849B69912628746600B43B38 /* CoverImageModel.swift in Sources */ = {isa = PBXBuildFile; fileRef = 849B69902628746600B43B38 /* CoverImageModel.swift */; };
		849B69952628758800B43B38 /* CodableBundleExtension.swift in Sources */ = {isa = PBXBuildFile; fileRef = 849B69942628758800B43B38 /* CodableBundleExtension.swift */; };
		849B699926287BCE00B43B38 /* AnimalListItemView.swift in Sources */ = {isa = PBXBuildFile; fileRef = 849B699826287BCE00B43B38 /* AnimalListItemView.swift */; };
		849B699C26288BB400B43B38 /* AnimalModel.swift in Sources */ = {isa = PBXBuildFile; fileRef = 849B699B26288BB400B43B38 /* AnimalModel.swift */; };
		84ADEEB62629D00F0082A541 /* InsetFactView.swift in Sources */ = {isa = PBXBuildFile; fileRef = 84ADEEB52629D00F0082A541 /* InsetFactView.swift */; };
		84ADEEB92629D0B50082A541 /* Animals .swift in Sources */ = {isa = PBXBuildFile; fileRef = 84ADEEB82629D0B50082A541 /* Animals .swift */; };
		84DC33BA26275DA300929483 /* videos.json in Resources */ = {isa = PBXBuildFile; fileRef = 84DC33B626275DA300929483 /* videos.json */; };
		84DC33BB26275DA300929483 /* locations.json in Resources */ = {isa = PBXBuildFile; fileRef = 84DC33B726275DA300929483 /* locations.json */; };
		84DC33BC26275DA300929483 /* covers.json in Resources */ = {isa = PBXBuildFile; fileRef = 84DC33B826275DA300929483 /* covers.json */; };
		84DC33BD26275DA300929483 /* animals.json in Resources */ = {isa = PBXBuildFile; fileRef = 84DC33B926275DA300929483 /* animals.json */; };
		84DC33C22627609400929483 /* VideoListView.swift in Sources */ = {isa = PBXBuildFile; fileRef = 84DC33C12627609400929483 /* VideoListView.swift */; };
		84DC33C5262760A800929483 /* MapView.swift in Sources */ = {isa = PBXBuildFile; fileRef = 84DC33C4262760A800929483 /* MapView.swift */; };
		84DC33C8262760CD00929483 /* GalleryView.swift in Sources */ = {isa = PBXBuildFile; fileRef = 84DC33C7262760CD00929483 /* GalleryView.swift */; };
		84DC33CB262760E400929483 /* MainView.swift in Sources */ = {isa = PBXBuildFile; fileRef = 84DC33CA262760E400929483 /* MainView.swift */; };
/* End PBXBuildFile section */

/* Begin PBXFileReference section */
		84414687262981E3004AF733 /* AnimalDetailView.swift */ = {isa = PBXFileReference; lastKnownFileType = sourcecode.swift; path = AnimalDetailView.swift; sourceTree = "<group>"; };
		8441468A2629860F004AF733 /* HeadingView.swift */ = {isa = PBXFileReference; lastKnownFileType = sourcecode.swift; path = HeadingView.swift; sourceTree = "<group>"; };
		8441468D26298839004AF733 /* InsetGalleryView.swift */ = {isa = PBXFileReference; lastKnownFileType = sourcecode.swift; path = InsetGalleryView.swift; sourceTree = "<group>"; };
		8459F2BE2629D908003CBC55 /* InsetMapView .swift */ = {isa = PBXFileReference; lastKnownFileType = sourcecode.swift; path = "InsetMapView .swift"; sourceTree = "<group>"; };
		8459F2C22629E806003CBC55 /* ExternalWebLinkView.swift */ = {isa = PBXFileReference; lastKnownFileType = sourcecode.swift; path = ExternalWebLinkView.swift; sourceTree = "<group>"; };
		848EDDFA262758BB00143122 /* Africa.app */ = {isa = PBXFileReference; explicitFileType = wrapper.application; includeInIndex = 0; path = Africa.app; sourceTree = BUILT_PRODUCTS_DIR; };
		848EDDFD262758BB00143122 /* AfricaApp.swift */ = {isa = PBXFileReference; lastKnownFileType = sourcecode.swift; path = AfricaApp.swift; sourceTree = "<group>"; };
		848EDDFF262758BB00143122 /* ContentView.swift */ = {isa = PBXFileReference; lastKnownFileType = sourcecode.swift; path = ContentView.swift; sourceTree = "<group>"; };
		848EDE01262758BD00143122 /* Assets.xcassets */ = {isa = PBXFileReference; lastKnownFileType = folder.assetcatalog; path = Assets.xcassets; sourceTree = "<group>"; };
		848EDE04262758BD00143122 /* Preview Assets.xcassets */ = {isa = PBXFileReference; lastKnownFileType = folder.assetcatalog; path = "Preview Assets.xcassets"; sourceTree = "<group>"; };
		848EDE06262758BD00143122 /* Info.plist */ = {isa = PBXFileReference; lastKnownFileType = text.plist.xml; path = Info.plist; sourceTree = "<group>"; };
		849B69832628623C00B43B38 /* CoverImageView.swift */ = {isa = PBXFileReference; lastKnownFileType = sourcecode.swift; path = CoverImageView.swift; sourceTree = "<group>"; };
		849B69902628746600B43B38 /* CoverImageModel.swift */ = {isa = PBXFileReference; lastKnownFileType = sourcecode.swift; path = CoverImageModel.swift; sourceTree = "<group>"; };
		849B69942628758800B43B38 /* CodableBundleExtension.swift */ = {isa = PBXFileReference; lastKnownFileType = sourcecode.swift; path = CodableBundleExtension.swift; sourceTree = "<group>"; };
		849B699826287BCE00B43B38 /* AnimalListItemView.swift */ = {isa = PBXFileReference; lastKnownFileType = sourcecode.swift; path = AnimalListItemView.swift; sourceTree = "<group>"; };
		849B699B26288BB400B43B38 /* AnimalModel.swift */ = {isa = PBXFileReference; lastKnownFileType = sourcecode.swift; path = AnimalModel.swift; sourceTree = "<group>"; };
		84ADEEB52629D00F0082A541 /* InsetFactView.swift */ = {isa = PBXFileReference; lastKnownFileType = sourcecode.swift; path = InsetFactView.swift; sourceTree = "<group>"; };
		84ADEEB82629D0B50082A541 /* Animals .swift */ = {isa = PBXFileReference; lastKnownFileType = sourcecode.swift; path = "Animals .swift"; sourceTree = "<group>"; };
		84DC33AB26275D2C00929483 /* rhino.mp4 */ = {isa = PBXFileReference; lastKnownFileType = file; path = rhino.mp4; sourceTree = "<group>"; };
		84DC33AC26275D2C00929483 /* lion.mp4 */ = {isa = PBXFileReference; lastKnownFileType = file; path = lion.mp4; sourceTree = "<group>"; };
		84DC33AD26275D2C00929483 /* ostrich.mp4 */ = {isa = PBXFileReference; lastKnownFileType = file; path = ostrich.mp4; sourceTree = "<group>"; };
		84DC33AE26275D2D00929483 /* hippo.mp4 */ = {isa = PBXFileReference; lastKnownFileType = file; path = hippo.mp4; sourceTree = "<group>"; };
		84DC33AF26275D2D00929483 /* lioness.mp4 */ = {isa = PBXFileReference; lastKnownFileType = file; path = lioness.mp4; sourceTree = "<group>"; };
		84DC33B026275D2D00929483 /* giraffe.mp4 */ = {isa = PBXFileReference; lastKnownFileType = file; path = giraffe.mp4; sourceTree = "<group>"; };
		84DC33B126275D2E00929483 /* cheetah.mp4 */ = {isa = PBXFileReference; lastKnownFileType = file; path = cheetah.mp4; sourceTree = "<group>"; };
		84DC33B226275D2E00929483 /* zebra.mp4 */ = {isa = PBXFileReference; lastKnownFileType = file; path = zebra.mp4; sourceTree = "<group>"; };
		84DC33B326275D2E00929483 /* gorilla.mp4 */ = {isa = PBXFileReference; lastKnownFileType = file; path = gorilla.mp4; sourceTree = "<group>"; };
		84DC33B426275D2F00929483 /* elephant.mp4 */ = {isa = PBXFileReference; lastKnownFileType = file; path = elephant.mp4; sourceTree = "<group>"; };
		84DC33B626275DA300929483 /* videos.json */ = {isa = PBXFileReference; fileEncoding = 4; lastKnownFileType = text.json; path = videos.json; sourceTree = "<group>"; };
		84DC33B726275DA300929483 /* locations.json */ = {isa = PBXFileReference; fileEncoding = 4; lastKnownFileType = text.json; path = locations.json; sourceTree = "<group>"; };
		84DC33B826275DA300929483 /* covers.json */ = {isa = PBXFileReference; fileEncoding = 4; lastKnownFileType = text.json; path = covers.json; sourceTree = "<group>"; };
		84DC33B926275DA300929483 /* animals.json */ = {isa = PBXFileReference; fileEncoding = 4; lastKnownFileType = text.json; path = animals.json; sourceTree = "<group>"; };
		84DC33C12627609400929483 /* VideoListView.swift */ = {isa = PBXFileReference; lastKnownFileType = sourcecode.swift; path = VideoListView.swift; sourceTree = "<group>"; };
		84DC33C4262760A800929483 /* MapView.swift */ = {isa = PBXFileReference; lastKnownFileType = sourcecode.swift; path = MapView.swift; sourceTree = "<group>"; };
		84DC33C7262760CD00929483 /* GalleryView.swift */ = {isa = PBXFileReference; lastKnownFileType = sourcecode.swift; path = GalleryView.swift; sourceTree = "<group>"; };
		84DC33CA262760E400929483 /* MainView.swift */ = {isa = PBXFileReference; lastKnownFileType = sourcecode.swift; path = MainView.swift; sourceTree = "<group>"; };
/* End PBXFileReference section */

/* Begin PBXFrameworksBuildPhase section */
		848EDDF7262758BB00143122 /* Frameworks */ = {
			isa = PBXFrameworksBuildPhase;
			buildActionMask = 2147483647;
			files = (
			);
			runOnlyForDeploymentPostprocessing = 0;
		};
/* End PBXFrameworksBuildPhase section */

/* Begin PBXGroup section */
		848EDDF1262758BB00143122 = {
			isa = PBXGroup;
			children = (
				848EDDFC262758BB00143122 /* Africa */,
				848EDDFB262758BB00143122 /* Products */,
			);
			sourceTree = "<group>";
		};
		848EDDFB262758BB00143122 /* Products */ = {
			isa = PBXGroup;
			children = (
				848EDDFA262758BB00143122 /* Africa.app */,
			);
			name = Products;
			sourceTree = "<group>";
		};
		848EDDFC262758BB00143122 /* Africa */ = {
			isa = PBXGroup;
			children = (
				849B69932628756C00B43B38 /* Extension */,
				849B698A2628738400B43B38 /* Model */,
				849B69822628622500B43B38 /* View */,
				84DC33B526275D7E00929483 /* Data  */,
				84DC33AA26275D1800929483 /* Video */,
				84DC33BF2627604300929483 /* App */,
				848EDE01262758BD00143122 /* Assets.xcassets */,
				848EDE06262758BD00143122 /* Info.plist */,
				848EDE03262758BD00143122 /* Preview Content */,
			);
			path = Africa;
			sourceTree = "<group>";
		};
		848EDE03262758BD00143122 /* Preview Content */ = {
			isa = PBXGroup;
			children = (
				848EDE04262758BD00143122 /* Preview Assets.xcassets */,
			);
			path = "Preview Content";
			sourceTree = "<group>";
		};
		849B69822628622500B43B38 /* View */ = {
			isa = PBXGroup;
			children = (
				849B69832628623C00B43B38 /* CoverImageView.swift */,
				849B699826287BCE00B43B38 /* AnimalListItemView.swift */,
				8441468D26298839004AF733 /* InsetGalleryView.swift */,
				84414687262981E3004AF733 /* AnimalDetailView.swift */,
				84ADEEB52629D00F0082A541 /* InsetFactView.swift */,
				8459F2BE2629D908003CBC55 /* InsetMapView .swift */,
				8459F2C22629E806003CBC55 /* ExternalWebLinkView.swift */,
				8441468A2629860F004AF733 /* HeadingView.swift */,
			);
			path = View;
			sourceTree = "<group>";
		};
		849B698A2628738400B43B38 /* Model */ = {
			isa = PBXGroup;
			children = (
				849B69902628746600B43B38 /* CoverImageModel.swift */,
				849B699B26288BB400B43B38 /* AnimalModel.swift */,
			);
			path = Model;
			sourceTree = "<group>";
		};
		849B69932628756C00B43B38 /* Extension */ = {
			isa = PBXGroup;
			children = (
				849B69942628758800B43B38 /* CodableBundleExtension.swift */,
			);
			path = Extension;
			sourceTree = "<group>";
		};
		84DC33AA26275D1800929483 /* Video */ = {
			isa = PBXGroup;
			children = (
				84DC33B126275D2E00929483 /* cheetah.mp4 */,
				84DC33B426275D2F00929483 /* elephant.mp4 */,
				84DC33B026275D2D00929483 /* giraffe.mp4 */,
				84DC33B326275D2E00929483 /* gorilla.mp4 */,
				84DC33AE26275D2D00929483 /* hippo.mp4 */,
				84DC33AC26275D2C00929483 /* lion.mp4 */,
				84DC33AF26275D2D00929483 /* lioness.mp4 */,
				84DC33AD26275D2C00929483 /* ostrich.mp4 */,
				84DC33AB26275D2C00929483 /* rhino.mp4 */,
				84DC33B226275D2E00929483 /* zebra.mp4 */,
			);
			path = Video;
			sourceTree = "<group>";
		};
		84DC33B526275D7E00929483 /* Data  */ = {
			isa = PBXGroup;
			children = (
				84DC33B926275DA300929483 /* animals.json */,
				84DC33B826275DA300929483 /* covers.json */,
				84DC33B726275DA300929483 /* locations.json */,
				84DC33B626275DA300929483 /* videos.json */,
			);
			path = "Data ";
			sourceTree = "<group>";
		};
		84DC33BF2627604300929483 /* App */ = {
			isa = PBXGroup;
			children = (
				848EDDFD262758BB00143122 /* AfricaApp.swift */,
				84DC33C12627609400929483 /* VideoListView.swift */,
				84DC33C4262760A800929483 /* MapView.swift */,
				84DC33C7262760CD00929483 /* GalleryView.swift */,
				84DC33CA262760E400929483 /* MainView.swift */,
				848EDDFF262758BB00143122 /* ContentView.swift */,
				84ADEEB82629D0B50082A541 /* Animals .swift */,
			);
			path = App;
			sourceTree = "<group>";
		};
/* End PBXGroup section */

/* Begin PBXNativeTarget section */
		848EDDF9262758BB00143122 /* Africa */ = {
			isa = PBXNativeTarget;
			buildConfigurationList = 848EDE09262758BD00143122 /* Build configuration list for PBXNativeTarget "Africa" */;
			buildPhases = (
				848EDDF6262758BB00143122 /* Sources */,
				848EDDF7262758BB00143122 /* Frameworks */,
				848EDDF8262758BB00143122 /* Resources */,
			);
			buildRules = (
			);
			dependencies = (
			);
			name = Africa;
			productName = Africa;
			productReference = 848EDDFA262758BB00143122 /* Africa.app */;
			productType = "com.apple.product-type.application";
		};
/* End PBXNativeTarget section */

/* Begin PBXProject section */
		848EDDF2262758BB00143122 /* Project object */ = {
			isa = PBXProject;
			attributes = {
				LastSwiftUpdateCheck = 1240;
				LastUpgradeCheck = 1240;
				TargetAttributes = {
					848EDDF9262758BB00143122 = {
						CreatedOnToolsVersion = 12.4;
					};
				};
			};
			buildConfigurationList = 848EDDF5262758BB00143122 /* Build configuration list for PBXProject "Africa" */;
			compatibilityVersion = "Xcode 9.3";
			developmentRegion = en;
			hasScannedForEncodings = 0;
			knownRegions = (
				en,
				Base,
			);
			mainGroup = 848EDDF1262758BB00143122;
			productRefGroup = 848EDDFB262758BB00143122 /* Products */;
			projectDirPath = "";
			projectRoot = "";
			targets = (
				848EDDF9262758BB00143122 /* Africa */,
			);
		};
/* End PBXProject section */

/* Begin PBXResourcesBuildPhase section */
		848EDDF8262758BB00143122 /* Resources */ = {
			isa = PBXResourcesBuildPhase;
			buildActionMask = 2147483647;
			files = (
				84DC33BC26275DA300929483 /* covers.json in Resources */,
				848EDE05262758BD00143122 /* Preview Assets.xcassets in Resources */,
				848EDE02262758BD00143122 /* Assets.xcassets in Resources */,
				84DC33BD26275DA300929483 /* animals.json in Resources */,
				84DC33BB26275DA300929483 /* locations.json in Resources */,
				84DC33BA26275DA300929483 /* videos.json in Resources */,
			);
			runOnlyForDeploymentPostprocessing = 0;
		};
/* End PBXResourcesBuildPhase section */

/* Begin PBXSourcesBuildPhase section */
		848EDDF6262758BB00143122 /* Sources */ = {
			isa = PBXSourcesBuildPhase;
			buildActionMask = 2147483647;
			files = (
				848EDE00262758BB00143122 /* ContentView.swift in Sources */,
				849B699926287BCE00B43B38 /* AnimalListItemView.swift in Sources */,
				84DC33C5262760A800929483 /* MapView.swift in Sources */,
				84ADEEB62629D00F0082A541 /* InsetFactView.swift in Sources */,
				849B69842628623C00B43B38 /* CoverImageView.swift in Sources */,
				849B69912628746600B43B38 /* CoverImageModel.swift in Sources */,
				84414688262981E3004AF733 /* AnimalDetailView.swift in Sources */,
				849B699C26288BB400B43B38 /* AnimalModel.swift in Sources */,
				8459F2BF2629D908003CBC55 /* InsetMapView .swift in Sources */,
				848EDDFE262758BB00143122 /* AfricaApp.swift in Sources */,
				8459F2C32629E807003CBC55 /* ExternalWebLinkView.swift in Sources */,
				84DC33C22627609400929483 /* VideoListView.swift in Sources */,
				84DC33CB262760E400929483 /* MainView.swift in Sources */,
				84DC33C8262760CD00929483 /* GalleryView.swift in Sources */,
				8441468E26298839004AF733 /* InsetGalleryView.swift in Sources */,
				849B69952628758800B43B38 /* CodableBundleExtension.swift in Sources */,
				84ADEEB92629D0B50082A541 /* Animals .swift in Sources */,
				8441468B2629860F004AF733 /* HeadingView.swift in Sources */,
			);
			runOnlyForDeploymentPostprocessing = 0;
		};
/* End PBXSourcesBuildPhase section */

/* Begin XCBuildConfiguration section */
		848EDE07262758BD00143122 /* Debug */ = {
			isa = XCBuildConfiguration;
			buildSettings = {
				ALWAYS_SEARCH_USER_PATHS = NO;
				CLANG_ANALYZER_NONNULL = YES;
				CLANG_ANALYZER_NUMBER_OBJECT_CONVERSION = YES_AGGRESSIVE;
				CLANG_CXX_LANGUAGE_STANDARD = "gnu++14";
				CLANG_CXX_LIBRARY = "libc++";
				CLANG_ENABLE_MODULES = YES;
				CLANG_ENABLE_OBJC_ARC = YES;
				CLANG_ENABLE_OBJC_WEAK = YES;
				CLANG_WARN_BLOCK_CAPTURE_AUTORELEASING = YES;
				CLANG_WARN_BOOL_CONVERSION = YES;
				CLANG_WARN_COMMA = YES;
				CLANG_WARN_CONSTANT_CONVERSION = YES;
				CLANG_WARN_DEPRECATED_OBJC_IMPLEMENTATIONS = YES;
				CLANG_WARN_DIRECT_OBJC_ISA_USAGE = YES_ERROR;
				CLANG_WARN_DOCUMENTATION_COMMENTS = YES;
				CLANG_WARN_EMPTY_BODY = YES;
				CLANG_WARN_ENUM_CONVERSION = YES;
				CLANG_WARN_INFINITE_RECURSION = YES;
				CLANG_WARN_INT_CONVERSION = YES;
				CLANG_WARN_NON_LITERAL_NULL_CONVERSION = YES;
				CLANG_WARN_OBJC_IMPLICIT_RETAIN_SELF = YES;
				CLANG_WARN_OBJC_LITERAL_CONVERSION = YES;
				CLANG_WARN_OBJC_ROOT_CLASS = YES_ERROR;
				CLANG_WARN_QUOTED_INCLUDE_IN_FRAMEWORK_HEADER = YES;
				CLANG_WARN_RANGE_LOOP_ANALYSIS = YES;
				CLANG_WARN_STRICT_PROTOTYPES = YES;
				CLANG_WARN_SUSPICIOUS_MOVE = YES;
				CLANG_WARN_UNGUARDED_AVAILABILITY = YES_AGGRESSIVE;
				CLANG_WARN_UNREACHABLE_CODE = YES;
				CLANG_WARN__DUPLICATE_METHOD_MATCH = YES;
				COPY_PHASE_STRIP = NO;
				DEBUG_INFORMATION_FORMAT = dwarf;
				ENABLE_STRICT_OBJC_MSGSEND = YES;
				ENABLE_TESTABILITY = YES;
				GCC_C_LANGUAGE_STANDARD = gnu11;
				GCC_DYNAMIC_NO_PIC = NO;
				GCC_NO_COMMON_BLOCKS = YES;
				GCC_OPTIMIZATION_LEVEL = 0;
				GCC_PREPROCESSOR_DEFINITIONS = (
					"DEBUG=1",
					"$(inherited)",
				);
				GCC_WARN_64_TO_32_BIT_CONVERSION = YES;
				GCC_WARN_ABOUT_RETURN_TYPE = YES_ERROR;
				GCC_WARN_UNDECLARED_SELECTOR = YES;
				GCC_WARN_UNINITIALIZED_AUTOS = YES_AGGRESSIVE;
				GCC_WARN_UNUSED_FUNCTION = YES;
				GCC_WARN_UNUSED_VARIABLE = YES;
				IPHONEOS_DEPLOYMENT_TARGET = 14.4;
				MTL_ENABLE_DEBUG_INFO = INCLUDE_SOURCE;
				MTL_FAST_MATH = YES;
				ONLY_ACTIVE_ARCH = YES;
				SDKROOT = iphoneos;
				SWIFT_ACTIVE_COMPILATION_CONDITIONS = DEBUG;
				SWIFT_OPTIMIZATION_LEVEL = "-Onone";
			};
			name = Debug;
		};
		848EDE08262758BD00143122 /* Release */ = {
			isa = XCBuildConfiguration;
			buildSettings = {
				ALWAYS_SEARCH_USER_PATHS = NO;
				CLANG_ANALYZER_NONNULL = YES;
				CLANG_ANALYZER_NUMBER_OBJECT_CONVERSION = YES_AGGRESSIVE;
				CLANG_CXX_LANGUAGE_STANDARD = "gnu++14";
				CLANG_CXX_LIBRARY = "libc++";
				CLANG_ENABLE_MODULES = YES;
				CLANG_ENABLE_OBJC_ARC = YES;
				CLANG_ENABLE_OBJC_WEAK = YES;
				CLANG_WARN_BLOCK_CAPTURE_AUTORELEASING = YES;
				CLANG_WARN_BOOL_CONVERSION = YES;
				CLANG_WARN_COMMA = YES;
				CLANG_WARN_CONSTANT_CONVERSION = YES;
				CLANG_WARN_DEPRECATED_OBJC_IMPLEMENTATIONS = YES;
				CLANG_WARN_DIRECT_OBJC_ISA_USAGE = YES_ERROR;
				CLANG_WARN_DOCUMENTATION_COMMENTS = YES;
				CLANG_WARN_EMPTY_BODY = YES;
				CLANG_WARN_ENUM_CONVERSION = YES;
				CLANG_WARN_INFINITE_RECURSION = YES;
				CLANG_WARN_INT_CONVERSION = YES;
				CLANG_WARN_NON_LITERAL_NULL_CONVERSION = YES;
				CLANG_WARN_OBJC_IMPLICIT_RETAIN_SELF = YES;
				CLANG_WARN_OBJC_LITERAL_CONVERSION = YES;
				CLANG_WARN_OBJC_ROOT_CLASS = YES_ERROR;
				CLANG_WARN_QUOTED_INCLUDE_IN_FRAMEWORK_HEADER = YES;
				CLANG_WARN_RANGE_LOOP_ANALYSIS = YES;
				CLANG_WARN_STRICT_PROTOTYPES = YES;
				CLANG_WARN_SUSPICIOUS_MOVE = YES;
				CLANG_WARN_UNGUARDED_AVAILABILITY = YES_AGGRESSIVE;
				CLANG_WARN_UNREACHABLE_CODE = YES;
				CLANG_WARN__DUPLICATE_METHOD_MATCH = YES;
				COPY_PHASE_STRIP = NO;
				DEBUG_INFORMATION_FORMAT = "dwarf-with-dsym";
				ENABLE_NS_ASSERTIONS = NO;
				ENABLE_STRICT_OBJC_MSGSEND = YES;
				GCC_C_LANGUAGE_STANDARD = gnu11;
				GCC_NO_COMMON_BLOCKS = YES;
				GCC_WARN_64_TO_32_BIT_CONVERSION = YES;
				GCC_WARN_ABOUT_RETURN_TYPE = YES_ERROR;
				GCC_WARN_UNDECLARED_SELECTOR = YES;
				GCC_WARN_UNINITIALIZED_AUTOS = YES_AGGRESSIVE;
				GCC_WARN_UNUSED_FUNCTION = YES;
				GCC_WARN_UNUSED_VARIABLE = YES;
				IPHONEOS_DEPLOYMENT_TARGET = 14.4;
				MTL_ENABLE_DEBUG_INFO = NO;
				MTL_FAST_MATH = YES;
				SDKROOT = iphoneos;
				SWIFT_COMPILATION_MODE = wholemodule;
				SWIFT_OPTIMIZATION_LEVEL = "-O";
				VALIDATE_PRODUCT = YES;
			};
			name = Release;
		};
		848EDE0A262758BD00143122 /* Debug */ = {
			isa = XCBuildConfiguration;
			buildSettings = {
				ASSETCATALOG_COMPILER_APPICON_NAME = AppIcon;
				ASSETCATALOG_COMPILER_GLOBAL_ACCENT_COLOR_NAME = AccentColor;
				CODE_SIGN_STYLE = Automatic;
				DEVELOPMENT_ASSET_PATHS = "\"Africa/Preview Content\"";
				ENABLE_PREVIEWS = YES;
				INFOPLIST_FILE = Africa/Info.plist;
				IPHONEOS_DEPLOYMENT_TARGET = 14.0;
				LD_RUNPATH_SEARCH_PATHS = (
					"$(inherited)",
					"@executable_path/Frameworks",
				);
				PRODUCT_BUNDLE_IDENTIFIER = Rhidita.Africa;
				PRODUCT_NAME = "$(TARGET_NAME)";
				SWIFT_VERSION = 5.0;
				TARGETED_DEVICE_FAMILY = "1,2";
			};
			name = Debug;
		};
		848EDE0B262758BD00143122 /* Release */ = {
			isa = XCBuildConfiguration;
			buildSettings = {
				ASSETCATALOG_COMPILER_APPICON_NAME = AppIcon;
				ASSETCATALOG_COMPILER_GLOBAL_ACCENT_COLOR_NAME = AccentColor;
				CODE_SIGN_STYLE = Automatic;
				DEVELOPMENT_ASSET_PATHS = "\"Africa/Preview Content\"";
				ENABLE_PREVIEWS = YES;
				INFOPLIST_FILE = Africa/Info.plist;
				IPHONEOS_DEPLOYMENT_TARGET = 14.0;
				LD_RUNPATH_SEARCH_PATHS = (
					"$(inherited)",
					"@executable_path/Frameworks",
				);
				PRODUCT_BUNDLE_IDENTIFIER = Rhidita.Africa;
				PRODUCT_NAME = "$(TARGET_NAME)";
				SWIFT_VERSION = 5.0;
				TARGETED_DEVICE_FAMILY = "1,2";
			};
			name = Release;
		};
/* End XCBuildConfiguration section */

/* Begin XCConfigurationList section */
		848EDDF5262758BB00143122 /* Build configuration list for PBXProject "Africa" */ = {
			isa = XCConfigurationList;
			buildConfigurations = (
				848EDE07262758BD00143122 /* Debug */,
				848EDE08262758BD00143122 /* Release */,
			);
			defaultConfigurationIsVisible = 0;
			defaultConfigurationName = Release;
		};
		848EDE09262758BD00143122 /* Build configuration list for PBXNativeTarget "Africa" */ = {
			isa = XCConfigurationList;
			buildConfigurations = (
				848EDE0A262758BD00143122 /* Debug */,
				848EDE0B262758BD00143122 /* Release */,
			);
			defaultConfigurationIsVisible = 0;
			defaultConfigurationName = Release;
		};
/* End XCConfigurationList section */
	};
	rootObject = 848EDDF2262758BB00143122 /* Project object */;
}
